
Microsoft Visual Studio Solution File, Format Version 12.00
# Visual Studio Version 17
VisualStudioVersion = 17.1.32421.90
MinimumVisualStudioVersion = 10.0.40219.1
Project("{FAE04EC0-301F-11D3-BF4B-00C04F79EFBC}") = "eTickets", "eTickets\eTickets.csproj", "{AFBF47AA-63F7-4617-8801-2282E65E67AA}"
EndProject
Global
	GlobalSection(SolutionConfigurationPlatforms) = preSolution
		Debug|Any CPU = Debug|Any CPU
		Release|Any CPU = Release|Any CPU
	EndGlobalSection
	GlobalSection(ProjectConfigurationPlatforms) = postSolution
		{AFBF47AA-63F7-4617-8801-2282E65E67AA}.Debug|Any CPU.ActiveCfg = Debug|Any CPU
		{AFBF47AA-63F7-4617-8801-2282E65E67AA}.Debug|Any CPU.Build.0 = Debug|Any CPU
		{AFBF47AA-63F7-4617-8801-2282E65E67AA}.Release|Any CPU.ActiveCfg = Release|Any CPU
		{AFBF47AA-63F7-4617-8801-2282E65E67AA}.Release|Any CPU.Build.0 = Release|Any CPU
	EndGlobalSection
	GlobalSection(SolutionProperties) = preSolution
		HideSolutionNode = FALSE
	EndGlobalSection
	GlobalSection(ExtensibilityGlobals) = postSolution
		SolutionGuid = {8A408169-FDF3-4112-998C-E374EEB5BEE7}
	EndGlobalSection
EndGlobal
